// !$*UTF8*$!
{
	archiveVersion = 1;
	classes = {
	};
	objectVersion = 54;
	objects = {

/* Begin PBXBuildFile section */
		0B128940270F5FA8008CB412 /* QuickLook.framework in Frameworks */ = {isa = PBXBuildFile; fileRef = 0B12893F270F5FA8008CB412 /* QuickLook.framework */; };
		0B128943270F5FA8008CB412 /* PreviewViewController.swift in Sources */ = {isa = PBXBuildFile; fileRef = 0B128942270F5FA8008CB412 /* PreviewViewController.swift */; };
		0B128945270F5FA8008CB412 /* PreviewProvider.swift in Sources */ = {isa = PBXBuildFile; fileRef = 0B128944270F5FA8008CB412 /* PreviewProvider.swift */; };
		0B128948270F5FA8008CB412 /* MainInterface.storyboard in Resources */ = {isa = PBXBuildFile; fileRef = 0B128946270F5FA8008CB412 /* MainInterface.storyboard */; };
		0B1921A2270DDBF400E71202 /* Helpers.swift in Sources */ = {isa = PBXBuildFile; fileRef = 0B1921A1270DDBF400E71202 /* Helpers.swift */; };
		0B1E54F7245B2EDD00419AB7 /* TODO.md in Resources */ = {isa = PBXBuildFile; fileRef = 0B1E54F6245B2EDD00419AB7 /* TODO.md */; };
		0B31FF5726722682008BA335 /* FBrowserPackage in Frameworks */ = {isa = PBXBuildFile; productRef = 0B31FF5626722682008BA335 /* FBrowserPackage */; };
		0B31FF59267226DD008BA335 /* FBrowserPackage in Frameworks */ = {isa = PBXBuildFile; productRef = 0B31FF58267226DD008BA335 /* FBrowserPackage */; };
		0B320C392712F6BB003FDEEA /* Helpers.swift in Sources */ = {isa = PBXBuildFile; fileRef = 0B1921A1270DDBF400E71202 /* Helpers.swift */; };
		0B320C3A2712F83C003FDEEA /* FileProviderItem.swift in Sources */ = {isa = PBXBuildFile; fileRef = 0B45B55F266CDB0B007E0DCA /* FileProviderItem.swift */; };
		0B41F9B02672643F0087EF41 /* BridgedViews.swift in Sources */ = {isa = PBXBuildFile; fileRef = 0B41F9AF2672643F0087EF41 /* BridgedViews.swift */; };
		0B45B55E266CDB0B007E0DCA /* FileProviderExtension.swift in Sources */ = {isa = PBXBuildFile; fileRef = 0B45B55D266CDB0B007E0DCA /* FileProviderExtension.swift */; };
		0B45B560266CDB0B007E0DCA /* FileProviderItem.swift in Sources */ = {isa = PBXBuildFile; fileRef = 0B45B55F266CDB0B007E0DCA /* FileProviderItem.swift */; };
		0B45B562266CDB0B007E0DCA /* FileProviderEnumerator.swift in Sources */ = {isa = PBXBuildFile; fileRef = 0B45B561266CDB0B007E0DCA /* FileProviderEnumerator.swift */; };
		0B45B56C266CDB0C007E0DCA /* DocumentActionViewController.swift in Sources */ = {isa = PBXBuildFile; fileRef = 0B45B56B266CDB0C007E0DCA /* DocumentActionViewController.swift */; };
		0B45B56F266CDB0C007E0DCA /* MainInterface.storyboard in Resources */ = {isa = PBXBuildFile; fileRef = 0B45B56D266CDB0C007E0DCA /* MainInterface.storyboard */; };
		0B45B573266CDB0C007E0DCA /* RootBrowserUI.appex in Embed Foundation Extensions */ = {isa = PBXBuildFile; fileRef = 0B45B569266CDB0C007E0DCA /* RootBrowserUI.appex */; platformFilter = ios; settings = {ATTRIBUTES = (RemoveHeadersOnCopy, ); }; };
		0B45B576266CDB0C007E0DCA /* RootBrowser.appex in Embed Foundation Extensions */ = {isa = PBXBuildFile; fileRef = 0B45B55B266CDB0B007E0DCA /* RootBrowser.appex */; platformFilter = ios; settings = {ATTRIBUTES = (RemoveHeadersOnCopy, ); }; };
		0B4BED8A233531D9005E5BB1 /* Interface.storyboard in Resources */ = {isa = PBXBuildFile; fileRef = 0B4BED88233531D9005E5BB1 /* Interface.storyboard */; };
		0B4BED8C233531DA005E5BB1 /* Assets.xcassets in Resources */ = {isa = PBXBuildFile; fileRef = 0B4BED8B233531DA005E5BB1 /* Assets.xcassets */; };
		0B4BED93233531DA005E5BB1 /* FilippoBrowser WatchKit Extension.appex in Embed Foundation Extensions */ = {isa = PBXBuildFile; fileRef = 0B4BED92233531DA005E5BB1 /* FilippoBrowser WatchKit Extension.appex */; settings = {ATTRIBUTES = (RemoveHeadersOnCopy, ); }; };
		0B4BED98233531DA005E5BB1 /* ContentView.swift in Sources */ = {isa = PBXBuildFile; fileRef = 0B4BED97233531DA005E5BB1 /* ContentView.swift */; };
		0B4BED9A233531DA005E5BB1 /* HostingController.swift in Sources */ = {isa = PBXBuildFile; fileRef = 0B4BED99233531DA005E5BB1 /* HostingController.swift */; };
		0B4BED9C233531DA005E5BB1 /* ExtensionDelegate.swift in Sources */ = {isa = PBXBuildFile; fileRef = 0B4BED9B233531DA005E5BB1 /* ExtensionDelegate.swift */; };
		0B4BED9E233531DA005E5BB1 /* ComplicationController.swift in Sources */ = {isa = PBXBuildFile; fileRef = 0B4BED9D233531DA005E5BB1 /* ComplicationController.swift */; };
		0B4BEDA0233531DA005E5BB1 /* Assets.xcassets in Resources */ = {isa = PBXBuildFile; fileRef = 0B4BED9F233531DA005E5BB1 /* Assets.xcassets */; };
		0B4BEDA3233531DA005E5BB1 /* Preview Assets.xcassets in Resources */ = {isa = PBXBuildFile; fileRef = 0B4BEDA2233531DA005E5BB1 /* Preview Assets.xcassets */; };
		0BB4D57F2730552100B435EA /* FLEX in Frameworks */ = {isa = PBXBuildFile; productRef = 0BB4D57E2730552100B435EA /* FLEX */; };
		0BD2432122AD5296006A4929 /* Delegates.swift in Sources */ = {isa = PBXBuildFile; fileRef = 0BD2432022AD5296006A4929 /* Delegates.swift */; };
		0BD2432322AD5296006A4929 /* Content.swift in Sources */ = {isa = PBXBuildFile; fileRef = 0BD2432222AD5296006A4929 /* Content.swift */; };
		0BD2432522AD5298006A4929 /* Assets.xcassets in Resources */ = {isa = PBXBuildFile; fileRef = 0BD2432422AD5297006A4929 /* Assets.xcassets */; };
		0BD2432822AD5298006A4929 /* Preview Assets.xcassets in Resources */ = {isa = PBXBuildFile; fileRef = 0BD2432722AD5298006A4929 /* Preview Assets.xcassets */; };
		0BD2432B22AD5298006A4929 /* LaunchScreen.storyboard in Resources */ = {isa = PBXBuildFile; fileRef = 0BD2432922AD5298006A4929 /* LaunchScreen.storyboard */; };
		19EFFC862DF856950079C7E3 /* GlassIcon.icon in Resources */ = {isa = PBXBuildFile; fileRef = 19EFFC852DF856950079C7E3 /* GlassIcon.icon */; };
		19EFFC872DF856950079C7E3 /* GlassIcon.icon in Resources */ = {isa = PBXBuildFile; fileRef = 19EFFC852DF856950079C7E3 /* GlassIcon.icon */; };
		19EFFC882DF856950079C7E3 /* GlassIcon.icon in Resources */ = {isa = PBXBuildFile; fileRef = 19EFFC852DF856950079C7E3 /* GlassIcon.icon */; };
		19EFFC892DF856950079C7E3 /* GlassIcon.icon in Resources */ = {isa = PBXBuildFile; fileRef = 19EFFC852DF856950079C7E3 /* GlassIcon.icon */; };
/* End PBXBuildFile section */

/* Begin PBXContainerItemProxy section */
		0B45B571266CDB0C007E0DCA /* PBXContainerItemProxy */ = {
			isa = PBXContainerItemProxy;
			containerPortal = 0BD2431322AD5296006A4929 /* Project object */;
			proxyType = 1;
			remoteGlobalIDString = 0B45B568266CDB0C007E0DCA;
			remoteInfo = RootBrowserUI;
		};
		0B45B574266CDB0C007E0DCA /* PBXContainerItemProxy */ = {
			isa = PBXContainerItemProxy;
			containerPortal = 0BD2431322AD5296006A4929 /* Project object */;
			proxyType = 1;
			remoteGlobalIDString = 0B45B55A266CDB0B007E0DCA;
			remoteInfo = RootBrowser;
		};
		0B4BED94233531DA005E5BB1 /* PBXContainerItemProxy */ = {
			isa = PBXContainerItemProxy;
			containerPortal = 0BD2431322AD5296006A4929 /* Project object */;
			proxyType = 1;
			remoteGlobalIDString = 0B4BED91233531DA005E5BB1;
			remoteInfo = "FilippoBrowser WatchKit Extension";
		};
/* End PBXContainerItemProxy section */

/* Begin PBXCopyFilesBuildPhase section */
		0B4BEDAA233531DA005E5BB1 /* Embed Foundation Extensions */ = {
			isa = PBXCopyFilesBuildPhase;
			buildActionMask = 2147483647;
			dstPath = "";
			dstSubfolderSpec = 13;
			files = (
				0B4BED93233531DA005E5BB1 /* FilippoBrowser WatchKit Extension.appex in Embed Foundation Extensions */,
			);
			name = "Embed Foundation Extensions";
			runOnlyForDeploymentPostprocessing = 0;
		};
		0BD2434122AD52C0006A4929 /* Embed Foundation Extensions */ = {
			isa = PBXCopyFilesBuildPhase;
			buildActionMask = 2147483647;
			dstPath = "";
			dstSubfolderSpec = 13;
			files = (
				0B45B573266CDB0C007E0DCA /* RootBrowserUI.appex in Embed Foundation Extensions */,
				0B45B576266CDB0C007E0DCA /* RootBrowser.appex in Embed Foundation Extensions */,
			);
			name = "Embed Foundation Extensions";
			runOnlyForDeploymentPostprocessing = 0;
		};
/* End PBXCopyFilesBuildPhase section */

/* Begin PBXFileReference section */
		0B12893E270F5FA8008CB412 /* PropertyLister.appex */ = {isa = PBXFileReference; explicitFileType = "wrapper.app-extension"; includeInIndex = 0; path = PropertyLister.appex; sourceTree = BUILT_PRODUCTS_DIR; };
		0B12893F270F5FA8008CB412 /* QuickLook.framework */ = {isa = PBXFileReference; lastKnownFileType = wrapper.framework; name = QuickLook.framework; path = System/Library/Frameworks/QuickLook.framework; sourceTree = SDKROOT; };
		0B128942270F5FA8008CB412 /* PreviewViewController.swift */ = {isa = PBXFileReference; lastKnownFileType = sourcecode.swift; path = PreviewViewController.swift; sourceTree = "<group>"; };
		0B128944270F5FA8008CB412 /* PreviewProvider.swift */ = {isa = PBXFileReference; lastKnownFileType = sourcecode.swift; path = PreviewProvider.swift; sourceTree = "<group>"; };
		0B128947270F5FA8008CB412 /* Base */ = {isa = PBXFileReference; lastKnownFileType = file.storyboard; name = Base; path = Base.lproj/MainInterface.storyboard; sourceTree = "<group>"; };
		0B128949270F5FA8008CB412 /* Info.plist */ = {isa = PBXFileReference; lastKnownFileType = text.plist.xml; path = Info.plist; sourceTree = "<group>"; };
		0B12894D270F5FA8008CB412 /* PropertyLister.entitlements */ = {isa = PBXFileReference; lastKnownFileType = text.plist.entitlements; path = PropertyLister.entitlements; sourceTree = "<group>"; };
		0B1921A1270DDBF400E71202 /* Helpers.swift */ = {isa = PBXFileReference; lastKnownFileType = sourcecode.swift; path = Helpers.swift; sourceTree = "<group>"; };
		0B1E54F6245B2EDD00419AB7 /* TODO.md */ = {isa = PBXFileReference; fileEncoding = 4; lastKnownFileType = net.daringfireball.markdown; path = TODO.md; sourceTree = "<group>"; };
		0B31FF552672226F008BA335 /* FBrowserPackage */ = {isa = PBXFileReference; lastKnownFileType = folder; path = FBrowserPackage; sourceTree = "<group>"; };
		0B41F9AF2672643F0087EF41 /* BridgedViews.swift */ = {isa = PBXFileReference; lastKnownFileType = sourcecode.swift; path = BridgedViews.swift; sourceTree = "<group>"; };
		0B45B55B266CDB0B007E0DCA /* RootBrowser.appex */ = {isa = PBXFileReference; explicitFileType = "wrapper.app-extension"; includeInIndex = 0; path = RootBrowser.appex; sourceTree = BUILT_PRODUCTS_DIR; };
		0B45B55D266CDB0B007E0DCA /* FileProviderExtension.swift */ = {isa = PBXFileReference; lastKnownFileType = sourcecode.swift; path = FileProviderExtension.swift; sourceTree = "<group>"; };
		0B45B55F266CDB0B007E0DCA /* FileProviderItem.swift */ = {isa = PBXFileReference; lastKnownFileType = sourcecode.swift; path = FileProviderItem.swift; sourceTree = "<group>"; };
		0B45B561266CDB0B007E0DCA /* FileProviderEnumerator.swift */ = {isa = PBXFileReference; lastKnownFileType = sourcecode.swift; path = FileProviderEnumerator.swift; sourceTree = "<group>"; };
		0B45B563266CDB0B007E0DCA /* Info.plist */ = {isa = PBXFileReference; lastKnownFileType = text.plist.xml; path = Info.plist; sourceTree = "<group>"; };
		0B45B564266CDB0B007E0DCA /* RootBrowser.entitlements */ = {isa = PBXFileReference; lastKnownFileType = text.plist.entitlements; path = RootBrowser.entitlements; sourceTree = "<group>"; };
		0B45B569266CDB0C007E0DCA /* RootBrowserUI.appex */ = {isa = PBXFileReference; explicitFileType = "wrapper.app-extension"; includeInIndex = 0; path = RootBrowserUI.appex; sourceTree = BUILT_PRODUCTS_DIR; };
		0B45B56B266CDB0C007E0DCA /* DocumentActionViewController.swift */ = {isa = PBXFileReference; lastKnownFileType = sourcecode.swift; path = DocumentActionViewController.swift; sourceTree = "<group>"; };
		0B45B56E266CDB0C007E0DCA /* Base */ = {isa = PBXFileReference; lastKnownFileType = file.storyboard; name = Base; path = Base.lproj/MainInterface.storyboard; sourceTree = "<group>"; };
		0B45B570266CDB0C007E0DCA /* Info.plist */ = {isa = PBXFileReference; lastKnownFileType = text.plist.xml; path = Info.plist; sourceTree = "<group>"; };
		0B4BED83233531D9005E5BB1 /* FilippoBrowser WatchKit App.app */ = {isa = PBXFileReference; explicitFileType = wrapper.application; includeInIndex = 0; path = "FilippoBrowser WatchKit App.app"; sourceTree = BUILT_PRODUCTS_DIR; };
		0B4BED89233531D9005E5BB1 /* Base */ = {isa = PBXFileReference; lastKnownFileType = file.storyboard; name = Base; path = Base.lproj/Interface.storyboard; sourceTree = "<group>"; };
		0B4BED8B233531DA005E5BB1 /* Assets.xcassets */ = {isa = PBXFileReference; lastKnownFileType = folder.assetcatalog; path = Assets.xcassets; sourceTree = "<group>"; };
		0B4BED8D233531DA005E5BB1 /* Info.plist */ = {isa = PBXFileReference; lastKnownFileType = text.plist.xml; path = Info.plist; sourceTree = "<group>"; };
		0B4BED92233531DA005E5BB1 /* FilippoBrowser WatchKit Extension.appex */ = {isa = PBXFileReference; explicitFileType = "wrapper.app-extension"; includeInIndex = 0; path = "FilippoBrowser WatchKit Extension.appex"; sourceTree = BUILT_PRODUCTS_DIR; };
		0B4BED97233531DA005E5BB1 /* ContentView.swift */ = {isa = PBXFileReference; lastKnownFileType = sourcecode.swift; path = ContentView.swift; sourceTree = "<group>"; };
		0B4BED99233531DA005E5BB1 /* HostingController.swift */ = {isa = PBXFileReference; lastKnownFileType = sourcecode.swift; path = HostingController.swift; sourceTree = "<group>"; };
		0B4BED9B233531DA005E5BB1 /* ExtensionDelegate.swift */ = {isa = PBXFileReference; lastKnownFileType = sourcecode.swift; path = ExtensionDelegate.swift; sourceTree = "<group>"; };
		0B4BED9D233531DA005E5BB1 /* ComplicationController.swift */ = {isa = PBXFileReference; lastKnownFileType = sourcecode.swift; path = ComplicationController.swift; sourceTree = "<group>"; };
		0B4BED9F233531DA005E5BB1 /* Assets.xcassets */ = {isa = PBXFileReference; lastKnownFileType = folder.assetcatalog; path = Assets.xcassets; sourceTree = "<group>"; };
		0B4BEDA2233531DA005E5BB1 /* Preview Assets.xcassets */ = {isa = PBXFileReference; lastKnownFileType = folder.assetcatalog; path = "Preview Assets.xcassets"; sourceTree = "<group>"; };
		0B4BEDA4233531DA005E5BB1 /* Info.plist */ = {isa = PBXFileReference; lastKnownFileType = text.plist.xml; path = Info.plist; sourceTree = "<group>"; };
		0B9301E423806D6E0039A1AB /* FilippoBrowser WatchKit App.entitlements */ = {isa = PBXFileReference; lastKnownFileType = text.plist.entitlements; path = "FilippoBrowser WatchKit App.entitlements"; sourceTree = "<group>"; };
		0B9A2DAA235A04FE001B3912 /* FilippoBrowser.entitlements */ = {isa = PBXFileReference; lastKnownFileType = text.plist.entitlements; path = FilippoBrowser.entitlements; sourceTree = "<group>"; };
		0B9F5407257FD5A6004365E5 /* FilippoBrowser WatchKit Extension.entitlements */ = {isa = PBXFileReference; lastKnownFileType = text.plist.entitlements; path = "FilippoBrowser WatchKit Extension.entitlements"; sourceTree = "<group>"; };
		0BD2431B22AD5296006A4929 /* FilippoBrowser.app */ = {isa = PBXFileReference; explicitFileType = wrapper.application; includeInIndex = 0; path = FilippoBrowser.app; sourceTree = BUILT_PRODUCTS_DIR; };
		0BD2432022AD5296006A4929 /* Delegates.swift */ = {isa = PBXFileReference; lastKnownFileType = sourcecode.swift; path = Delegates.swift; sourceTree = "<group>"; };
		0BD2432222AD5296006A4929 /* Content.swift */ = {isa = PBXFileReference; lastKnownFileType = sourcecode.swift; path = Content.swift; sourceTree = "<group>"; };
		0BD2432422AD5297006A4929 /* Assets.xcassets */ = {isa = PBXFileReference; lastKnownFileType = folder.assetcatalog; path = Assets.xcassets; sourceTree = "<group>"; };
		0BD2432722AD5298006A4929 /* Preview Assets.xcassets */ = {isa = PBXFileReference; lastKnownFileType = folder.assetcatalog; path = "Preview Assets.xcassets"; sourceTree = "<group>"; };
		0BD2432A22AD5298006A4929 /* Base */ = {isa = PBXFileReference; lastKnownFileType = file.storyboard; name = Base; path = Base.lproj/LaunchScreen.storyboard; sourceTree = "<group>"; };
		0BD2432C22AD5298006A4929 /* Info.plist */ = {isa = PBXFileReference; lastKnownFileType = text.plist.xml; path = Info.plist; sourceTree = "<group>"; };
		19EFFC852DF856950079C7E3 /* GlassIcon.icon */ = {isa = PBXFileReference; lastKnownFileType = folder.iconcomposer.icon; path = GlassIcon.icon; sourceTree = "<group>"; };
/* End PBXFileReference section */

/* Begin PBXFrameworksBuildPhase section */
		0B12893B270F5FA8008CB412 /* Frameworks */ = {
			isa = PBXFrameworksBuildPhase;
			buildActionMask = 2147483647;
			files = (
				0B128940270F5FA8008CB412 /* QuickLook.framework in Frameworks */,
			);
			runOnlyForDeploymentPostprocessing = 0;
		};
		0B45B558266CDB0B007E0DCA /* Frameworks */ = {
			isa = PBXFrameworksBuildPhase;
			buildActionMask = 2147483647;
			files = (
			);
			runOnlyForDeploymentPostprocessing = 0;
		};
		0B45B566266CDB0C007E0DCA /* Frameworks */ = {
			isa = PBXFrameworksBuildPhase;
			buildActionMask = 2147483647;
			files = (
			);
			runOnlyForDeploymentPostprocessing = 0;
		};
		0B4BED8F233531DA005E5BB1 /* Frameworks */ = {
			isa = PBXFrameworksBuildPhase;
			buildActionMask = 2147483647;
			files = (
				0B31FF59267226DD008BA335 /* FBrowserPackage in Frameworks */,
			);
			runOnlyForDeploymentPostprocessing = 0;
		};
		0BBC8B7A2349D7FF007A6EFB /* Frameworks */ = {
			isa = PBXFrameworksBuildPhase;
			buildActionMask = 2147483647;
			files = (
			);
			runOnlyForDeploymentPostprocessing = 0;
		};
		0BD2431822AD5296006A4929 /* Frameworks */ = {
			isa = PBXFrameworksBuildPhase;
			buildActionMask = 2147483647;
			files = (
				0B31FF5726722682008BA335 /* FBrowserPackage in Frameworks */,
				0BB4D57F2730552100B435EA /* FLEX in Frameworks */,
			);
			runOnlyForDeploymentPostprocessing = 0;
		};
/* End PBXFrameworksBuildPhase section */

/* Begin PBXGroup section */
		0B128941270F5FA8008CB412 /* PropertyLister */ = {
			isa = PBXGroup;
			children = (
				0B12894D270F5FA8008CB412 /* PropertyLister.entitlements */,
				0B128942270F5FA8008CB412 /* PreviewViewController.swift */,
				0B128944270F5FA8008CB412 /* PreviewProvider.swift */,
				0B128946270F5FA8008CB412 /* MainInterface.storyboard */,
				0B128949270F5FA8008CB412 /* Info.plist */,
			);
			path = PropertyLister;
			sourceTree = "<group>";
		};
		0B32342B26EDE714007683F4 /* Application */ = {
			isa = PBXGroup;
			children = (
				0BD2432C22AD5298006A4929 /* Info.plist */,
				0BD2432022AD5296006A4929 /* Delegates.swift */,
			);
			name = Application;
			sourceTree = "<group>";
		};
		0B32342D26EDE722007683F4 /* Views */ = {
			isa = PBXGroup;
			children = (
				0BD2432922AD5298006A4929 /* LaunchScreen.storyboard */,
				0BD2432222AD5296006A4929 /* Content.swift */,
				0B41F9AF2672643F0087EF41 /* BridgedViews.swift */,
			);
			name = Views;
			sourceTree = "<group>";
		};
		0B45B55C266CDB0B007E0DCA /* RootBrowser */ = {
			isa = PBXGroup;
			children = (
				0B45B56A266CDB0C007E0DCA /* RootBrowserUI */,
				0BA1E75726FF7E0700ABD4B9 /* Code */,
				0BA1E75826FF7E0E00ABD4B9 /* Misc */,
			);
			path = RootBrowser;
			sourceTree = "<group>";
		};
		0B45B56A266CDB0C007E0DCA /* RootBrowserUI */ = {
			isa = PBXGroup;
			children = (
				0B45B56B266CDB0C007E0DCA /* DocumentActionViewController.swift */,
				0B45B56D266CDB0C007E0DCA /* MainInterface.storyboard */,
				0B45B570266CDB0C007E0DCA /* Info.plist */,
			);
			path = RootBrowserUI;
			sourceTree = "<group>";
		};
		0B4BED87233531D9005E5BB1 /* FilippoBrowser WatchKit App */ = {
			isa = PBXGroup;
			children = (
				0B4BED96233531DA005E5BB1 /* FilippoBrowser WatchKit Extension */,
				0B9301E423806D6E0039A1AB /* FilippoBrowser WatchKit App.entitlements */,
				0B4BED88233531D9005E5BB1 /* Interface.storyboard */,
				0B4BED8B233531DA005E5BB1 /* Assets.xcassets */,
				0B4BED8D233531DA005E5BB1 /* Info.plist */,
			);
			path = "FilippoBrowser WatchKit App";
			sourceTree = "<group>";
		};
		0B4BED96233531DA005E5BB1 /* FilippoBrowser WatchKit Extension */ = {
			isa = PBXGroup;
			children = (
				0BA1E75526FF7DCF00ABD4B9 /* Code */,
				0BA1E75626FF7DD600ABD4B9 /* Misc */,
			);
			path = "FilippoBrowser WatchKit Extension";
			sourceTree = "<group>";
		};
		0B4BEDA1233531DA005E5BB1 /* Preview Content */ = {
			isa = PBXGroup;
			children = (
				0B4BEDA2233531DA005E5BB1 /* Preview Assets.xcassets */,
			);
			path = "Preview Content";
			sourceTree = "<group>";
		};
		0BA1E75426FF7DB600ABD4B9 /* Misc */ = {
			isa = PBXGroup;
			children = (
				19EFFC852DF856950079C7E3 /* GlassIcon.icon */,
				0BD2432422AD5297006A4929 /* Assets.xcassets */,
				0B9A2DAA235A04FE001B3912 /* FilippoBrowser.entitlements */,
				0BD2432622AD5298006A4929 /* Preview Content */,
			);
			name = Misc;
			sourceTree = "<group>";
		};
		0BA1E75526FF7DCF00ABD4B9 /* Code */ = {
			isa = PBXGroup;
			children = (
				0B4BED97233531DA005E5BB1 /* ContentView.swift */,
				0B4BED99233531DA005E5BB1 /* HostingController.swift */,
				0B4BED9B233531DA005E5BB1 /* ExtensionDelegate.swift */,
				0B4BED9D233531DA005E5BB1 /* ComplicationController.swift */,
			);
			name = Code;
			sourceTree = "<group>";
		};
		0BA1E75626FF7DD600ABD4B9 /* Misc */ = {
			isa = PBXGroup;
			children = (
				0B9F5407257FD5A6004365E5 /* FilippoBrowser WatchKit Extension.entitlements */,
				0B4BED9F233531DA005E5BB1 /* Assets.xcassets */,
				0B4BEDA4233531DA005E5BB1 /* Info.plist */,
				0B4BEDA1233531DA005E5BB1 /* Preview Content */,
			);
			name = Misc;
			sourceTree = "<group>";
		};
		0BA1E75726FF7E0700ABD4B9 /* Code */ = {
			isa = PBXGroup;
			children = (
				0B1921A1270DDBF400E71202 /* Helpers.swift */,
				0B45B55F266CDB0B007E0DCA /* FileProviderItem.swift */,
				0B45B561266CDB0B007E0DCA /* FileProviderEnumerator.swift */,
				0B45B55D266CDB0B007E0DCA /* FileProviderExtension.swift */,
			);
			name = Code;
			sourceTree = "<group>";
		};
		0BA1E75826FF7E0E00ABD4B9 /* Misc */ = {
			isa = PBXGroup;
			children = (
				0B45B563266CDB0B007E0DCA /* Info.plist */,
				0B45B564266CDB0B007E0DCA /* RootBrowser.entitlements */,
			);
			name = Misc;
			sourceTree = "<group>";
		};
		0BBC8B752349D7FF007A6EFB /* Frameworks */ = {
			isa = PBXGroup;
			children = (
				0B31FF552672226F008BA335 /* FBrowserPackage */,
				0B12893F270F5FA8008CB412 /* QuickLook.framework */,
			);
			name = Frameworks;
			sourceTree = "<group>";
		};
		0BD2431222AD5296006A4929 = {
			isa = PBXGroup;
			children = (
				0B1E54F6245B2EDD00419AB7 /* TODO.md */,
				0BD2431D22AD5296006A4929 /* FilippoBrowser */,
				0B4BED87233531D9005E5BB1 /* FilippoBrowser WatchKit App */,
				0B45B55C266CDB0B007E0DCA /* RootBrowser */,
				0B128941270F5FA8008CB412 /* PropertyLister */,
				0BD2431C22AD5296006A4929 /* Products */,
				0BBC8B752349D7FF007A6EFB /* Frameworks */,
			);
			sourceTree = "<group>";
		};
		0BD2431C22AD5296006A4929 /* Products */ = {
			isa = PBXGroup;
			children = (
				0BD2431B22AD5296006A4929 /* FilippoBrowser.app */,
				0B4BED83233531D9005E5BB1 /* FilippoBrowser WatchKit App.app */,
				0B4BED92233531DA005E5BB1 /* FilippoBrowser WatchKit Extension.appex */,
				0B45B55B266CDB0B007E0DCA /* RootBrowser.appex */,
				0B45B569266CDB0C007E0DCA /* RootBrowserUI.appex */,
				0B12893E270F5FA8008CB412 /* PropertyLister.appex */,
			);
			name = Products;
			sourceTree = "<group>";
		};
		0BD2431D22AD5296006A4929 /* FilippoBrowser */ = {
			isa = PBXGroup;
			children = (
				0B32342B26EDE714007683F4 /* Application */,
				0B32342D26EDE722007683F4 /* Views */,
				0BA1E75426FF7DB600ABD4B9 /* Misc */,
			);
			path = FilippoBrowser;
			sourceTree = "<group>";
		};
		0BD2432622AD5298006A4929 /* Preview Content */ = {
			isa = PBXGroup;
			children = (
				0BD2432722AD5298006A4929 /* Preview Assets.xcassets */,
			);
			path = "Preview Content";
			sourceTree = "<group>";
		};
/* End PBXGroup section */

/* Begin PBXNativeTarget section */
		0B12893D270F5FA8008CB412 /* PropertyLister */ = {
			isa = PBXNativeTarget;
			buildConfigurationList = 0B128950270F5FA8008CB412 /* Build configuration list for PBXNativeTarget "PropertyLister" */;
			buildPhases = (
				0B12893A270F5FA8008CB412 /* Sources */,
				0B12893B270F5FA8008CB412 /* Frameworks */,
				0B12893C270F5FA8008CB412 /* Resources */,
			);
			buildRules = (
			);
			dependencies = (
			);
			name = PropertyLister;
			productName = PropertyLister;
			productReference = 0B12893E270F5FA8008CB412 /* PropertyLister.appex */;
			productType = "com.apple.product-type.app-extension";
		};
		0B45B55A266CDB0B007E0DCA /* RootBrowser */ = {
			isa = PBXNativeTarget;
			buildConfigurationList = 0B45B57C266CDB0C007E0DCA /* Build configuration list for PBXNativeTarget "RootBrowser" */;
			buildPhases = (
				0B45B557266CDB0B007E0DCA /* Sources */,
				0B45B558266CDB0B007E0DCA /* Frameworks */,
				0B45B559266CDB0B007E0DCA /* Resources */,
			);
			buildRules = (
			);
			dependencies = (
			);
			name = RootBrowser;
			packageProductDependencies = (
			);
			productName = RootBrowser;
			productReference = 0B45B55B266CDB0B007E0DCA /* RootBrowser.appex */;
			productType = "com.apple.product-type.app-extension";
		};
		0B45B568266CDB0C007E0DCA /* RootBrowserUI */ = {
			isa = PBXNativeTarget;
			buildConfigurationList = 0B45B57B266CDB0C007E0DCA /* Build configuration list for PBXNativeTarget "RootBrowserUI" */;
			buildPhases = (
				0B45B565266CDB0C007E0DCA /* Sources */,
				0B45B566266CDB0C007E0DCA /* Frameworks */,
				0B45B567266CDB0C007E0DCA /* Resources */,
			);
			buildRules = (
			);
			dependencies = (
			);
			name = RootBrowserUI;
			productName = RootBrowserUI;
			productReference = 0B45B569266CDB0C007E0DCA /* RootBrowserUI.appex */;
			productType = "com.apple.product-type.app-extension";
		};
		0B4BED82233531D9005E5BB1 /* FilippoBrowser WatchKit App */ = {
			isa = PBXNativeTarget;
			buildConfigurationList = 0B4BEDAE233531DA005E5BB1 /* Build configuration list for PBXNativeTarget "FilippoBrowser WatchKit App" */;
			buildPhases = (
				0B4BED81233531D9005E5BB1 /* Resources */,
				0B4BEDAA233531DA005E5BB1 /* Embed Foundation Extensions */,
				0BBC8B7A2349D7FF007A6EFB /* Frameworks */,
			);
			buildRules = (
			);
			dependencies = (
				0B4BED95233531DA005E5BB1 /* PBXTargetDependency */,
			);
			name = "FilippoBrowser WatchKit App";
			productName = "FilippoBrowser WatchKit App";
			productReference = 0B4BED83233531D9005E5BB1 /* FilippoBrowser WatchKit App.app */;
			productType = "com.apple.product-type.application.watchapp2";
		};
		0B4BED91233531DA005E5BB1 /* FilippoBrowser WatchKit Extension */ = {
			isa = PBXNativeTarget;
			buildConfigurationList = 0B4BEDAD233531DA005E5BB1 /* Build configuration list for PBXNativeTarget "FilippoBrowser WatchKit Extension" */;
			buildPhases = (
				0B4BED8E233531DA005E5BB1 /* Sources */,
				0B4BED8F233531DA005E5BB1 /* Frameworks */,
				0B4BED90233531DA005E5BB1 /* Resources */,
			);
			buildRules = (
			);
			dependencies = (
			);
			name = "FilippoBrowser WatchKit Extension";
			packageProductDependencies = (
				0B31FF58267226DD008BA335 /* FBrowserPackage */,
			);
			productName = "FilippoBrowser WatchKit Extension";
			productReference = 0B4BED92233531DA005E5BB1 /* FilippoBrowser WatchKit Extension.appex */;
			productType = "com.apple.product-type.watchkit2-extension";
		};
		0BD2431A22AD5296006A4929 /* FilippoBrowser */ = {
			isa = PBXNativeTarget;
			buildConfigurationList = 0BD2432F22AD5298006A4929 /* Build configuration list for PBXNativeTarget "FilippoBrowser" */;
			buildPhases = (
				0BD2431722AD5296006A4929 /* Sources */,
				0BD2431822AD5296006A4929 /* Frameworks */,
				0BD2431922AD5296006A4929 /* Resources */,
				0BD2434122AD52C0006A4929 /* Embed Foundation Extensions */,
			);
			buildRules = (
			);
			dependencies = (
				0B45B572266CDB0C007E0DCA /* PBXTargetDependency */,
				0B45B575266CDB0C007E0DCA /* PBXTargetDependency */,
			);
			name = FilippoBrowser;
			packageProductDependencies = (
				0B31FF5626722682008BA335 /* FBrowserPackage */,
				0BB4D57E2730552100B435EA /* FLEX */,
			);
			productName = ShortcutParamTest;
			productReference = 0BD2431B22AD5296006A4929 /* FilippoBrowser.app */;
			productType = "com.apple.product-type.application";
		};
/* End PBXNativeTarget section */

/* Begin PBXProject section */
		0BD2431322AD5296006A4929 /* Project object */ = {
			isa = PBXProject;
			attributes = {
				BuildIndependentTargetsInParallel = YES;
				LastSwiftUpdateCheck = 1300;
				LastUpgradeCheck = 1500;
				ORGANIZATIONNAME = "Filippo Claudi";
				TargetAttributes = {
					0B12893D270F5FA8008CB412 = {
						CreatedOnToolsVersion = 13.0;
					};
					0B45B55A266CDB0B007E0DCA = {
						CreatedOnToolsVersion = 12.5;
					};
					0B45B568266CDB0C007E0DCA = {
						CreatedOnToolsVersion = 12.5;
					};
					0B4BED82233531D9005E5BB1 = {
						CreatedOnToolsVersion = 11.0;
					};
					0B4BED91233531DA005E5BB1 = {
						CreatedOnToolsVersion = 11.0;
					};
					0BD2431A22AD5296006A4929 = {
						CreatedOnToolsVersion = 11.0;
					};
				};
			};
			buildConfigurationList = 0BD2431622AD5296006A4929 /* Build configuration list for PBXProject "FilippoBrowser" */;
			compatibilityVersion = "Xcode 11.0";
			developmentRegion = en;
			hasScannedForEncodings = 0;
			knownRegions = (
				en,
				Base,
			);
			mainGroup = 0BD2431222AD5296006A4929;
			packageReferences = (
				0BB4D57B2730550500B435EA /* XCRemoteSwiftPackageReference "FLEX" */,
			);
			productRefGroup = 0BD2431C22AD5296006A4929 /* Products */;
			projectDirPath = "";
			projectRoot = "";
			targets = (
				0BD2431A22AD5296006A4929 /* FilippoBrowser */,
				0B4BED82233531D9005E5BB1 /* FilippoBrowser WatchKit App */,
				0B4BED91233531DA005E5BB1 /* FilippoBrowser WatchKit Extension */,
				0B45B55A266CDB0B007E0DCA /* RootBrowser */,
				0B45B568266CDB0C007E0DCA /* RootBrowserUI */,
				0B12893D270F5FA8008CB412 /* PropertyLister */,
			);
		};
/* End PBXProject section */

/* Begin PBXResourcesBuildPhase section */
		0B12893C270F5FA8008CB412 /* Resources */ = {
			isa = PBXResourcesBuildPhase;
			buildActionMask = 2147483647;
			files = (
				0B128948270F5FA8008CB412 /* MainInterface.storyboard in Resources */,
			);
			runOnlyForDeploymentPostprocessing = 0;
		};
		0B45B559266CDB0B007E0DCA /* Resources */ = {
			isa = PBXResourcesBuildPhase;
			buildActionMask = 2147483647;
			files = (
				19EFFC892DF856950079C7E3 /* GlassIcon.icon in Resources */,
			);
			runOnlyForDeploymentPostprocessing = 0;
		};
		0B45B567266CDB0C007E0DCA /* Resources */ = {
			isa = PBXResourcesBuildPhase;
			buildActionMask = 2147483647;
			files = (
				19EFFC882DF856950079C7E3 /* GlassIcon.icon in Resources */,
				0B45B56F266CDB0C007E0DCA /* MainInterface.storyboard in Resources */,
			);
			runOnlyForDeploymentPostprocessing = 0;
		};
		0B4BED81233531D9005E5BB1 /* Resources */ = {
			isa = PBXResourcesBuildPhase;
			buildActionMask = 2147483647;
			files = (
				19EFFC872DF856950079C7E3 /* GlassIcon.icon in Resources */,
				0B4BED8C233531DA005E5BB1 /* Assets.xcassets in Resources */,
				0B4BED8A233531D9005E5BB1 /* Interface.storyboard in Resources */,
			);
			runOnlyForDeploymentPostprocessing = 0;
		};
		0B4BED90233531DA005E5BB1 /* Resources */ = {
			isa = PBXResourcesBuildPhase;
			buildActionMask = 2147483647;
			files = (
				0B4BEDA3233531DA005E5BB1 /* Preview Assets.xcassets in Resources */,
				0B4BEDA0233531DA005E5BB1 /* Assets.xcassets in Resources */,
			);
			runOnlyForDeploymentPostprocessing = 0;
		};
		0BD2431922AD5296006A4929 /* Resources */ = {
			isa = PBXResourcesBuildPhase;
			buildActionMask = 2147483647;
			files = (
				0B1E54F7245B2EDD00419AB7 /* TODO.md in Resources */,
				0BD2432B22AD5298006A4929 /* LaunchScreen.storyboard in Resources */,
				0BD2432822AD5298006A4929 /* Preview Assets.xcassets in Resources */,
				19EFFC862DF856950079C7E3 /* GlassIcon.icon in Resources */,
				0BD2432522AD5298006A4929 /* Assets.xcassets in Resources */,
			);
			runOnlyForDeploymentPostprocessing = 0;
		};
/* End PBXResourcesBuildPhase section */

/* Begin PBXSourcesBuildPhase section */
		0B12893A270F5FA8008CB412 /* Sources */ = {
			isa = PBXSourcesBuildPhase;
			buildActionMask = 2147483647;
			files = (
				0B128943270F5FA8008CB412 /* PreviewViewController.swift in Sources */,
				0B128945270F5FA8008CB412 /* PreviewProvider.swift in Sources */,
			);
			runOnlyForDeploymentPostprocessing = 0;
		};
		0B45B557266CDB0B007E0DCA /* Sources */ = {
			isa = PBXSourcesBuildPhase;
			buildActionMask = 2147483647;
			files = (
				0B45B55E266CDB0B007E0DCA /* FileProviderExtension.swift in Sources */,
				0B45B560266CDB0B007E0DCA /* FileProviderItem.swift in Sources */,
				0B45B562266CDB0B007E0DCA /* FileProviderEnumerator.swift in Sources */,
				0B1921A2270DDBF400E71202 /* Helpers.swift in Sources */,
			);
			runOnlyForDeploymentPostprocessing = 0;
		};
		0B45B565266CDB0C007E0DCA /* Sources */ = {
			isa = PBXSourcesBuildPhase;
			buildActionMask = 2147483647;
			files = (
				0B320C3A2712F83C003FDEEA /* FileProviderItem.swift in Sources */,
				0B45B56C266CDB0C007E0DCA /* DocumentActionViewController.swift in Sources */,
				0B320C392712F6BB003FDEEA /* Helpers.swift in Sources */,
			);
			runOnlyForDeploymentPostprocessing = 0;
		};
		0B4BED8E233531DA005E5BB1 /* Sources */ = {
			isa = PBXSourcesBuildPhase;
			buildActionMask = 2147483647;
			files = (
				0B4BED9A233531DA005E5BB1 /* HostingController.swift in Sources */,
				0B4BED9E233531DA005E5BB1 /* ComplicationController.swift in Sources */,
				0B4BED98233531DA005E5BB1 /* ContentView.swift in Sources */,
				0B4BED9C233531DA005E5BB1 /* ExtensionDelegate.swift in Sources */,
			);
			runOnlyForDeploymentPostprocessing = 0;
		};
		0BD2431722AD5296006A4929 /* Sources */ = {
			isa = PBXSourcesBuildPhase;
			buildActionMask = 2147483647;
			files = (
				0B41F9B02672643F0087EF41 /* BridgedViews.swift in Sources */,
				0BD2432122AD5296006A4929 /* Delegates.swift in Sources */,
				0BD2432322AD5296006A4929 /* Content.swift in Sources */,
			);
			runOnlyForDeploymentPostprocessing = 0;
		};
/* End PBXSourcesBuildPhase section */

/* Begin PBXTargetDependency section */
		0B45B572266CDB0C007E0DCA /* PBXTargetDependency */ = {
			isa = PBXTargetDependency;
			target = 0B45B568266CDB0C007E0DCA /* RootBrowserUI */;
			targetProxy = 0B45B571266CDB0C007E0DCA /* PBXContainerItemProxy */;
		};
		0B45B575266CDB0C007E0DCA /* PBXTargetDependency */ = {
			isa = PBXTargetDependency;
			target = 0B45B55A266CDB0B007E0DCA /* RootBrowser */;
			targetProxy = 0B45B574266CDB0C007E0DCA /* PBXContainerItemProxy */;
		};
		0B4BED95233531DA005E5BB1 /* PBXTargetDependency */ = {
			isa = PBXTargetDependency;
			target = 0B4BED91233531DA005E5BB1 /* FilippoBrowser WatchKit Extension */;
			targetProxy = 0B4BED94233531DA005E5BB1 /* PBXContainerItemProxy */;
		};
/* End PBXTargetDependency section */

/* Begin PBXVariantGroup section */
		0B128946270F5FA8008CB412 /* MainInterface.storyboard */ = {
			isa = PBXVariantGroup;
			children = (
				0B128947270F5FA8008CB412 /* Base */,
			);
			name = MainInterface.storyboard;
			sourceTree = "<group>";
		};
		0B45B56D266CDB0C007E0DCA /* MainInterface.storyboard */ = {
			isa = PBXVariantGroup;
			children = (
				0B45B56E266CDB0C007E0DCA /* Base */,
			);
			name = MainInterface.storyboard;
			sourceTree = "<group>";
		};
		0B4BED88233531D9005E5BB1 /* Interface.storyboard */ = {
			isa = PBXVariantGroup;
			children = (
				0B4BED89233531D9005E5BB1 /* Base */,
			);
			name = Interface.storyboard;
			sourceTree = "<group>";
		};
		0BD2432922AD5298006A4929 /* LaunchScreen.storyboard */ = {
			isa = PBXVariantGroup;
			children = (
				0BD2432A22AD5298006A4929 /* Base */,
			);
			name = LaunchScreen.storyboard;
			sourceTree = "<group>";
		};
/* End PBXVariantGroup section */

/* Begin XCBuildConfiguration section */
		0B12894E270F5FA8008CB412 /* Debug */ = {
			isa = XCBuildConfiguration;
			buildSettings = {
				CLANG_CXX_LANGUAGE_STANDARD = "gnu++17";
				CODE_SIGN_ENTITLEMENTS = PropertyLister/PropertyLister.entitlements;
				CODE_SIGN_IDENTITY = "Apple Development";
				"CODE_SIGN_IDENTITY[sdk=macosx*]" = "Apple Development";
				CODE_SIGN_STYLE = Automatic;
				CURRENT_PROJECT_VERSION = 1;
				DEVELOPMENT_TEAM = 974TR9G2UN;
				GENERATE_INFOPLIST_FILE = YES;
				INFOPLIST_FILE = PropertyLister/Info.plist;
				INFOPLIST_KEY_CFBundleDisplayName = PropertyLister;
				INFOPLIST_KEY_NSHumanReadableCopyright = "Copyright © 2021 Filippo Claudi. All rights reserved.";
				IPHONEOS_DEPLOYMENT_TARGET = 16.0;
				LD_RUNPATH_SEARCH_PATHS = (
					"$(inherited)",
					"@executable_path/Frameworks",
					"@executable_path/../../Frameworks",
				);
				MARKETING_VERSION = 1.0;
				PRODUCT_BUNDLE_IDENTIFIER = claudi.filippo.FilippoBrowser.PropertyLister;
				PRODUCT_NAME = "$(TARGET_NAME)";
				PROVISIONING_PROFILE_SPECIFIER = "";
				"PROVISIONING_PROFILE_SPECIFIER[sdk=macosx*]" = "";
				SKIP_INSTALL = YES;
				SUPPORTS_MACCATALYST = YES;
				SWIFT_EMIT_LOC_STRINGS = YES;
				SWIFT_VERSION = 5.0;
				TARGETED_DEVICE_FAMILY = "1,2";
			};
			name = Debug;
		};
		0B12894F270F5FA8008CB412 /* Release */ = {
			isa = XCBuildConfiguration;
			buildSettings = {
				CLANG_CXX_LANGUAGE_STANDARD = "gnu++17";
				CODE_SIGN_ENTITLEMENTS = PropertyLister/PropertyLister.entitlements;
				CODE_SIGN_IDENTITY = "Apple Development";
				"CODE_SIGN_IDENTITY[sdk=macosx*]" = "Apple Development";
				CODE_SIGN_STYLE = Automatic;
				CURRENT_PROJECT_VERSION = 1;
				DEVELOPMENT_TEAM = 974TR9G2UN;
				GENERATE_INFOPLIST_FILE = YES;
				INFOPLIST_FILE = PropertyLister/Info.plist;
				INFOPLIST_KEY_CFBundleDisplayName = PropertyLister;
				INFOPLIST_KEY_NSHumanReadableCopyright = "Copyright © 2021 Filippo Claudi. All rights reserved.";
				IPHONEOS_DEPLOYMENT_TARGET = 16.0;
				LD_RUNPATH_SEARCH_PATHS = (
					"$(inherited)",
					"@executable_path/Frameworks",
					"@executable_path/../../Frameworks",
				);
				MARKETING_VERSION = 1.0;
				PRODUCT_BUNDLE_IDENTIFIER = claudi.filippo.FilippoBrowser.PropertyLister;
				PRODUCT_NAME = "$(TARGET_NAME)";
				PROVISIONING_PROFILE_SPECIFIER = "";
				"PROVISIONING_PROFILE_SPECIFIER[sdk=macosx*]" = "";
				SKIP_INSTALL = YES;
				SUPPORTS_MACCATALYST = YES;
				SWIFT_EMIT_LOC_STRINGS = YES;
				SWIFT_VERSION = 5.0;
				TARGETED_DEVICE_FAMILY = "1,2";
			};
			name = Release;
		};
		0B45B577266CDB0C007E0DCA /* Debug */ = {
			isa = XCBuildConfiguration;
			buildSettings = {
				CODE_SIGN_ENTITLEMENTS = RootBrowser/RootBrowser.entitlements;
				CODE_SIGN_STYLE = Automatic;
				CURRENT_PROJECT_VERSION = 070622;
				DEVELOPMENT_TEAM = 974TR9G2UN;
				EMBED_ASSET_PACKS_IN_PRODUCT_BUNDLE = NO;
				INFOPLIST_FILE = RootBrowser/Info.plist;
				IPHONEOS_DEPLOYMENT_TARGET = 16.0;
				LD_RUNPATH_SEARCH_PATHS = (
					"$(inherited)",
					"@executable_path/Frameworks",
					"@executable_path/../../Frameworks",
				);
				MARKETING_VERSION = 4.0;
				PRODUCT_BUNDLE_IDENTIFIER = claudi.filippo.FilippoBrowser.RootBrowser;
				PRODUCT_NAME = "$(TARGET_NAME)";
				SKIP_INSTALL = YES;
				SWIFT_VERSION = 5.0;
				TARGETED_DEVICE_FAMILY = "1,2";
			};
			name = Debug;
		};
		0B45B578266CDB0C007E0DCA /* Release */ = {
			isa = XCBuildConfiguration;
			buildSettings = {
				CODE_SIGN_ENTITLEMENTS = RootBrowser/RootBrowser.entitlements;
				CODE_SIGN_STYLE = Automatic;
				CURRENT_PROJECT_VERSION = 070622;
				DEVELOPMENT_TEAM = 974TR9G2UN;
				EMBED_ASSET_PACKS_IN_PRODUCT_BUNDLE = NO;
				INFOPLIST_FILE = RootBrowser/Info.plist;
				IPHONEOS_DEPLOYMENT_TARGET = 16.0;
				LD_RUNPATH_SEARCH_PATHS = (
					"$(inherited)",
					"@executable_path/Frameworks",
					"@executable_path/../../Frameworks",
				);
				MARKETING_VERSION = 4.0;
				PRODUCT_BUNDLE_IDENTIFIER = claudi.filippo.FilippoBrowser.RootBrowser;
				PRODUCT_NAME = "$(TARGET_NAME)";
				SKIP_INSTALL = YES;
				SWIFT_VERSION = 5.0;
				TARGETED_DEVICE_FAMILY = "1,2";
			};
			name = Release;
		};
		0B45B579266CDB0C007E0DCA /* Debug */ = {
			isa = XCBuildConfiguration;
			buildSettings = {
				CODE_SIGN_STYLE = Automatic;
				CURRENT_PROJECT_VERSION = 070622;
				DEVELOPMENT_TEAM = 974TR9G2UN;
				INFOPLIST_FILE = "$(SRCROOT)/RootBrowser/RootBrowserUI/Info.plist";
				IPHONEOS_DEPLOYMENT_TARGET = 16.0;
				LD_RUNPATH_SEARCH_PATHS = (
					"$(inherited)",
					"@executable_path/Frameworks",
					"@executable_path/../../Frameworks",
				);
				MARKETING_VERSION = 4.0;
				PRODUCT_BUNDLE_IDENTIFIER = claudi.filippo.FilippoBrowser.RootBrowserUI;
				PRODUCT_NAME = "$(TARGET_NAME)";
				SKIP_INSTALL = YES;
				SWIFT_VERSION = 5.0;
				TARGETED_DEVICE_FAMILY = "1,2";
			};
			name = Debug;
		};
		0B45B57A266CDB0C007E0DCA /* Release */ = {
			isa = XCBuildConfiguration;
			buildSettings = {
				CODE_SIGN_STYLE = Automatic;
				CURRENT_PROJECT_VERSION = 070622;
				DEVELOPMENT_TEAM = 974TR9G2UN;
				INFOPLIST_FILE = "$(SRCROOT)/RootBrowser/RootBrowserUI/Info.plist";
				IPHONEOS_DEPLOYMENT_TARGET = 16.0;
				LD_RUNPATH_SEARCH_PATHS = (
					"$(inherited)",
					"@executable_path/Frameworks",
					"@executable_path/../../Frameworks",
				);
				MARKETING_VERSION = 4.0;
				PRODUCT_BUNDLE_IDENTIFIER = claudi.filippo.FilippoBrowser.RootBrowserUI;
				PRODUCT_NAME = "$(TARGET_NAME)";
				SKIP_INSTALL = YES;
				SWIFT_VERSION = 5.0;
				TARGETED_DEVICE_FAMILY = "1,2";
			};
			name = Release;
		};
		0B4BEDA8233531DA005E5BB1 /* Debug */ = {
			isa = XCBuildConfiguration;
			buildSettings = {
				ALWAYS_EMBED_SWIFT_STANDARD_LIBRARIES = YES;
				ARCHS = "$(ARCHS_STANDARD)";
				ASSETCATALOG_COMPILER_APPICON_NAME = /Users/alessaba/Developer/FilippoBrowser/FilippoBrowser/GlassIcon.icon;
				ASSETCATALOG_COMPILER_INCLUDE_ALL_APPICON_ASSETS = NO;
				CODE_SIGN_ENTITLEMENTS = "FilippoBrowser WatchKit App/FilippoBrowser WatchKit App.entitlements";
				CODE_SIGN_STYLE = Automatic;
				CURRENT_PROJECT_VERSION = 080623;
				DEVELOPMENT_TEAM = 974TR9G2UN;
				IBSC_MODULE = FilippoBrowser_WatchKit_Extension;
				INFOPLIST_FILE = "FilippoBrowser WatchKit App/Info.plist";
				LD_RUNPATH_SEARCH_PATHS = (
					"$(inherited)",
					"@executable_path/Frameworks",
				);
				MARKETING_VERSION = 5.0;
				PRODUCT_BUNDLE_IDENTIFIER = claudi.filippo.FilippoBrowser.watchkitapp;
				PRODUCT_NAME = "$(TARGET_NAME)";
				SDKROOT = watchos;
				SKIP_INSTALL = YES;
				SWIFT_VERSION = 5.0;
				TARGETED_DEVICE_FAMILY = 4;
				WATCHOS_DEPLOYMENT_TARGET = 10.0;
			};
			name = Debug;
		};
		0B4BEDA9233531DA005E5BB1 /* Release */ = {
			isa = XCBuildConfiguration;
			buildSettings = {
				ALWAYS_EMBED_SWIFT_STANDARD_LIBRARIES = YES;
				ARCHS = "$(ARCHS_STANDARD)";
				ASSETCATALOG_COMPILER_APPICON_NAME = /Users/alessaba/Developer/FilippoBrowser/FilippoBrowser/GlassIcon.icon;
				ASSETCATALOG_COMPILER_INCLUDE_ALL_APPICON_ASSETS = NO;
				CODE_SIGN_ENTITLEMENTS = "FilippoBrowser WatchKit App/FilippoBrowser WatchKit App.entitlements";
				CODE_SIGN_STYLE = Automatic;
				CURRENT_PROJECT_VERSION = 080623;
				DEVELOPMENT_TEAM = 974TR9G2UN;
				IBSC_MODULE = FilippoBrowser_WatchKit_Extension;
				INFOPLIST_FILE = "FilippoBrowser WatchKit App/Info.plist";
				LD_RUNPATH_SEARCH_PATHS = (
					"$(inherited)",
					"@executable_path/Frameworks",
				);
				MARKETING_VERSION = 5.0;
				PRODUCT_BUNDLE_IDENTIFIER = claudi.filippo.FilippoBrowser.watchkitapp;
				PRODUCT_NAME = "$(TARGET_NAME)";
				SDKROOT = watchos;
				SKIP_INSTALL = YES;
				SWIFT_VERSION = 5.0;
				TARGETED_DEVICE_FAMILY = 4;
				WATCHOS_DEPLOYMENT_TARGET = 10.0;
			};
			name = Release;
		};
		0B4BEDAB233531DA005E5BB1 /* Debug */ = {
			isa = XCBuildConfiguration;
			buildSettings = {
				ASSETCATALOG_COMPILER_COMPLICATION_NAME = Complication;
				CODE_SIGN_ENTITLEMENTS = "FilippoBrowser WatchKit App/FilippoBrowser WatchKit Extension/FilippoBrowser WatchKit Extension.entitlements";
				CODE_SIGN_STYLE = Automatic;
				CURRENT_PROJECT_VERSION = 080623;
				DEVELOPMENT_ASSET_PATHS = "\"FilippoBrowser WatchKit App/FilippoBrowser WatchKit Extension/Preview Content\"";
				DEVELOPMENT_TEAM = 974TR9G2UN;
				ENABLE_PREVIEWS = YES;
				INFOPLIST_FILE = "$(SRCROOT)/FilippoBrowser WatchKit App/FilippoBrowser WatchKit Extension/Info.plist";
				LD_RUNPATH_SEARCH_PATHS = (
					"$(inherited)",
					"@executable_path/Frameworks",
					"@executable_path/../../Frameworks",
				);
				MARKETING_VERSION = 5.0;
				PRODUCT_BUNDLE_IDENTIFIER = claudi.filippo.FilippoBrowser.watchkitapp.watchkitextension;
				PRODUCT_NAME = "${TARGET_NAME}";
				SDKROOT = watchos;
				SKIP_INSTALL = YES;
				SWIFT_VERSION = 5.0;
				TARGETED_DEVICE_FAMILY = 4;
				WATCHOS_DEPLOYMENT_TARGET = 10.0;
			};
			name = Debug;
		};
		0B4BEDAC233531DA005E5BB1 /* Release */ = {
			isa = XCBuildConfiguration;
			buildSettings = {
				ASSETCATALOG_COMPILER_COMPLICATION_NAME = Complication;
				CODE_SIGN_ENTITLEMENTS = "FilippoBrowser WatchKit App/FilippoBrowser WatchKit Extension/FilippoBrowser WatchKit Extension.entitlements";
				CODE_SIGN_STYLE = Automatic;
				CURRENT_PROJECT_VERSION = 080623;
				DEVELOPMENT_ASSET_PATHS = "\"FilippoBrowser WatchKit App/FilippoBrowser WatchKit Extension/Preview Content\"";
				DEVELOPMENT_TEAM = 974TR9G2UN;
				ENABLE_PREVIEWS = YES;
				INFOPLIST_FILE = "$(SRCROOT)/FilippoBrowser WatchKit App/FilippoBrowser WatchKit Extension/Info.plist";
				LD_RUNPATH_SEARCH_PATHS = (
					"$(inherited)",
					"@executable_path/Frameworks",
					"@executable_path/../../Frameworks",
				);
				MARKETING_VERSION = 5.0;
				PRODUCT_BUNDLE_IDENTIFIER = claudi.filippo.FilippoBrowser.watchkitapp.watchkitextension;
				PRODUCT_NAME = "${TARGET_NAME}";
				SDKROOT = watchos;
				SKIP_INSTALL = YES;
				SWIFT_VERSION = 5.0;
				TARGETED_DEVICE_FAMILY = 4;
				WATCHOS_DEPLOYMENT_TARGET = 10.0;
			};
			name = Release;
		};
		0BD2432D22AD5298006A4929 /* Debug */ = {
			isa = XCBuildConfiguration;
			buildSettings = {
				ALWAYS_SEARCH_USER_PATHS = NO;
				CLANG_ANALYZER_NONNULL = YES;
				CLANG_ANALYZER_NUMBER_OBJECT_CONVERSION = YES_AGGRESSIVE;
				CLANG_CXX_LANGUAGE_STANDARD = "gnu++14";
				CLANG_CXX_LIBRARY = "libc++";
				CLANG_ENABLE_MODULES = YES;
				CLANG_ENABLE_OBJC_ARC = YES;
				CLANG_ENABLE_OBJC_WEAK = YES;
				CLANG_WARN_BLOCK_CAPTURE_AUTORELEASING = YES;
				CLANG_WARN_BOOL_CONVERSION = YES;
				CLANG_WARN_COMMA = YES;
				CLANG_WARN_CONSTANT_CONVERSION = YES;
				CLANG_WARN_DEPRECATED_OBJC_IMPLEMENTATIONS = YES;
				CLANG_WARN_DIRECT_OBJC_ISA_USAGE = YES_ERROR;
				CLANG_WARN_DOCUMENTATION_COMMENTS = YES;
				CLANG_WARN_EMPTY_BODY = YES;
				CLANG_WARN_ENUM_CONVERSION = YES;
				CLANG_WARN_INFINITE_RECURSION = YES;
				CLANG_WARN_INT_CONVERSION = YES;
				CLANG_WARN_NON_LITERAL_NULL_CONVERSION = YES;
				CLANG_WARN_OBJC_IMPLICIT_RETAIN_SELF = YES;
				CLANG_WARN_OBJC_LITERAL_CONVERSION = YES;
				CLANG_WARN_OBJC_ROOT_CLASS = YES_ERROR;
				CLANG_WARN_QUOTED_INCLUDE_IN_FRAMEWORK_HEADER = YES;
				CLANG_WARN_RANGE_LOOP_ANALYSIS = YES;
				CLANG_WARN_STRICT_PROTOTYPES = YES;
				CLANG_WARN_SUSPICIOUS_MOVE = YES;
				CLANG_WARN_UNGUARDED_AVAILABILITY = YES_AGGRESSIVE;
				CLANG_WARN_UNREACHABLE_CODE = YES;
				CLANG_WARN__DUPLICATE_METHOD_MATCH = YES;
				COPY_PHASE_STRIP = NO;
				DEBUG_INFORMATION_FORMAT = dwarf;
				ENABLE_STRICT_OBJC_MSGSEND = YES;
				ENABLE_TESTABILITY = YES;
				ENABLE_USER_SCRIPT_SANDBOXING = YES;
				GCC_C_LANGUAGE_STANDARD = gnu11;
				GCC_DYNAMIC_NO_PIC = NO;
				GCC_NO_COMMON_BLOCKS = YES;
				GCC_OPTIMIZATION_LEVEL = 0;
				GCC_PREPROCESSOR_DEFINITIONS = (
					"DEBUG=1",
					"$(inherited)",
				);
				GCC_WARN_64_TO_32_BIT_CONVERSION = YES;
				GCC_WARN_ABOUT_RETURN_TYPE = YES_ERROR;
				GCC_WARN_UNDECLARED_SELECTOR = YES;
				GCC_WARN_UNINITIALIZED_AUTOS = YES_AGGRESSIVE;
				GCC_WARN_UNUSED_FUNCTION = YES;
				GCC_WARN_UNUSED_VARIABLE = YES;
				IPHONEOS_DEPLOYMENT_TARGET = 13.0;
				MTL_ENABLE_DEBUG_INFO = INCLUDE_SOURCE;
				MTL_FAST_MATH = YES;
				ONLY_ACTIVE_ARCH = YES;
				SDKROOT = iphoneos;
				SWIFT_ACTIVE_COMPILATION_CONDITIONS = DEBUG;
				SWIFT_OPTIMIZATION_LEVEL = "-Onone";
			};
			name = Debug;
		};
		0BD2432E22AD5298006A4929 /* Release */ = {
			isa = XCBuildConfiguration;
			buildSettings = {
				ALWAYS_SEARCH_USER_PATHS = NO;
				CLANG_ANALYZER_NONNULL = YES;
				CLANG_ANALYZER_NUMBER_OBJECT_CONVERSION = YES_AGGRESSIVE;
				CLANG_CXX_LANGUAGE_STANDARD = "gnu++14";
				CLANG_CXX_LIBRARY = "libc++";
				CLANG_ENABLE_MODULES = YES;
				CLANG_ENABLE_OBJC_ARC = YES;
				CLANG_ENABLE_OBJC_WEAK = YES;
				CLANG_WARN_BLOCK_CAPTURE_AUTORELEASING = YES;
				CLANG_WARN_BOOL_CONVERSION = YES;
				CLANG_WARN_COMMA = YES;
				CLANG_WARN_CONSTANT_CONVERSION = YES;
				CLANG_WARN_DEPRECATED_OBJC_IMPLEMENTATIONS = YES;
				CLANG_WARN_DIRECT_OBJC_ISA_USAGE = YES_ERROR;
				CLANG_WARN_DOCUMENTATION_COMMENTS = YES;
				CLANG_WARN_EMPTY_BODY = YES;
				CLANG_WARN_ENUM_CONVERSION = YES;
				CLANG_WARN_INFINITE_RECURSION = YES;
				CLANG_WARN_INT_CONVERSION = YES;
				CLANG_WARN_NON_LITERAL_NULL_CONVERSION = YES;
				CLANG_WARN_OBJC_IMPLICIT_RETAIN_SELF = YES;
				CLANG_WARN_OBJC_LITERAL_CONVERSION = YES;
				CLANG_WARN_OBJC_ROOT_CLASS = YES_ERROR;
				CLANG_WARN_QUOTED_INCLUDE_IN_FRAMEWORK_HEADER = YES;
				CLANG_WARN_RANGE_LOOP_ANALYSIS = YES;
				CLANG_WARN_STRICT_PROTOTYPES = YES;
				CLANG_WARN_SUSPICIOUS_MOVE = YES;
				CLANG_WARN_UNGUARDED_AVAILABILITY = YES_AGGRESSIVE;
				CLANG_WARN_UNREACHABLE_CODE = YES;
				CLANG_WARN__DUPLICATE_METHOD_MATCH = YES;
				COPY_PHASE_STRIP = NO;
				DEBUG_INFORMATION_FORMAT = "dwarf-with-dsym";
				ENABLE_NS_ASSERTIONS = NO;
				ENABLE_STRICT_OBJC_MSGSEND = YES;
				ENABLE_USER_SCRIPT_SANDBOXING = YES;
				GCC_C_LANGUAGE_STANDARD = gnu11;
				GCC_NO_COMMON_BLOCKS = YES;
				GCC_WARN_64_TO_32_BIT_CONVERSION = YES;
				GCC_WARN_ABOUT_RETURN_TYPE = YES_ERROR;
				GCC_WARN_UNDECLARED_SELECTOR = YES;
				GCC_WARN_UNINITIALIZED_AUTOS = YES_AGGRESSIVE;
				GCC_WARN_UNUSED_FUNCTION = YES;
				GCC_WARN_UNUSED_VARIABLE = YES;
				IPHONEOS_DEPLOYMENT_TARGET = 13.0;
				MTL_ENABLE_DEBUG_INFO = NO;
				MTL_FAST_MATH = YES;
				SDKROOT = iphoneos;
				SWIFT_COMPILATION_MODE = wholemodule;
				SWIFT_OPTIMIZATION_LEVEL = "-O";
				VALIDATE_PRODUCT = YES;
			};
			name = Release;
		};
		0BD2433022AD5298006A4929 /* Debug */ = {
			isa = XCBuildConfiguration;
			buildSettings = {
				ALWAYS_EMBED_SWIFT_STANDARD_LIBRARIES = YES;
				ASSETCATALOG_COMPILER_APPICON_NAME = GlassIcon;
				ASSETCATALOG_COMPILER_INCLUDE_ALL_APPICON_ASSETS = YES;
				CODE_SIGN_ENTITLEMENTS = FilippoBrowser/FilippoBrowser.entitlements;
				CODE_SIGN_STYLE = Automatic;
				CURRENT_PROJECT_VERSION = 080623;
				DERIVE_MACCATALYST_PRODUCT_BUNDLE_IDENTIFIER = YES;
				DEVELOPMENT_ASSET_PATHS = "FilippoBrowser/Preview\\ Content";
				DEVELOPMENT_TEAM = 974TR9G2UN;
				ENABLE_PREVIEWS = YES;
				FRAMEWORK_SEARCH_PATHS = (
					"$(inherited)",
					"$(USER_LIBRARY_DIR)/Mobile\\ Documents/com~apple~CloudDocs/Documents",
					"$(PROJECT_DIR)",
				);
				INFOPLIST_FILE = "$(SRCROOT)/FilippoBrowser/Info.plist";
				INFOPLIST_KEY_CFBundleDisplayName = "ƒBrowser";
				INFOPLIST_KEY_LSApplicationCategoryType = "public.app-category.developer-tools";
				IPHONEOS_DEPLOYMENT_TARGET = 17.6;
				LD_RUNPATH_SEARCH_PATHS = (
					"$(inherited)",
					"@executable_path/Frameworks",
				);
				MARKETING_VERSION = 5.0;
				PRODUCT_BUNDLE_IDENTIFIER = claudi.filippo.FilippoBrowser;
				PRODUCT_NAME = "$(TARGET_NAME)";
				SUPPORTED_PLATFORMS = "iphoneos iphonesimulator";
				SUPPORTS_MACCATALYST = YES;
				SUPPORTS_MAC_DESIGNED_FOR_IPHONE_IPAD = NO;
				SWIFT_VERSION = 5.0;
				TARGETED_DEVICE_FAMILY = "1,2,6";
			};
			name = Debug;
		};
		0BD2433122AD5298006A4929 /* Release */ = {
			isa = XCBuildConfiguration;
			buildSettings = {
				ALWAYS_EMBED_SWIFT_STANDARD_LIBRARIES = YES;
				ASSETCATALOG_COMPILER_APPICON_NAME = GlassIcon;
				ASSETCATALOG_COMPILER_INCLUDE_ALL_APPICON_ASSETS = YES;
				CODE_SIGN_ENTITLEMENTS = FilippoBrowser/FilippoBrowser.entitlements;
				CODE_SIGN_STYLE = Automatic;
				CURRENT_PROJECT_VERSION = 080623;
				DERIVE_MACCATALYST_PRODUCT_BUNDLE_IDENTIFIER = YES;
				DEVELOPMENT_ASSET_PATHS = "FilippoBrowser/Preview\\ Content";
				DEVELOPMENT_TEAM = 974TR9G2UN;
				ENABLE_PREVIEWS = YES;
				FRAMEWORK_SEARCH_PATHS = (
					"$(inherited)",
					"$(USER_LIBRARY_DIR)/Mobile\\ Documents/com~apple~CloudDocs/Documents",
					"$(PROJECT_DIR)",
				);
				INFOPLIST_FILE = "$(SRCROOT)/FilippoBrowser/Info.plist";
				INFOPLIST_KEY_CFBundleDisplayName = "ƒBrowser";
				INFOPLIST_KEY_LSApplicationCategoryType = "public.app-category.developer-tools";
				IPHONEOS_DEPLOYMENT_TARGET = 17.6;
				LD_RUNPATH_SEARCH_PATHS = (
					"$(inherited)",
					"@executable_path/Frameworks",
				);
				MARKETING_VERSION = 5.0;
				PRODUCT_BUNDLE_IDENTIFIER = claudi.filippo.FilippoBrowser;
				PRODUCT_NAME = "$(TARGET_NAME)";
				SUPPORTED_PLATFORMS = "iphoneos iphonesimulator";
				SUPPORTS_MACCATALYST = YES;
				SUPPORTS_MAC_DESIGNED_FOR_IPHONE_IPAD = NO;
				SWIFT_VERSION = 5.0;
				TARGETED_DEVICE_FAMILY = "1,2,6";
			};
			name = Release;
		};
/* End XCBuildConfiguration section */

/* Begin XCConfigurationList section */
		0B128950270F5FA8008CB412 /* Build configuration list for PBXNativeTarget "PropertyLister" */ = {
			isa = XCConfigurationList;
			buildConfigurations = (
				0B12894E270F5FA8008CB412 /* Debug */,
				0B12894F270F5FA8008CB412 /* Release */,
			);
			defaultConfigurationIsVisible = 0;
			defaultConfigurationName = Release;
		};
		0B45B57B266CDB0C007E0DCA /* Build configuration list for PBXNativeTarget "RootBrowserUI" */ = {
			isa = XCConfigurationList;
			buildConfigurations = (
				0B45B579266CDB0C007E0DCA /* Debug */,
				0B45B57A266CDB0C007E0DCA /* Release */,
			);
			defaultConfigurationIsVisible = 0;
			defaultConfigurationName = Release;
		};
		0B45B57C266CDB0C007E0DCA /* Build configuration list for PBXNativeTarget "RootBrowser" */ = {
			isa = XCConfigurationList;
			buildConfigurations = (
				0B45B577266CDB0C007E0DCA /* Debug */,
				0B45B578266CDB0C007E0DCA /* Release */,
			);
			defaultConfigurationIsVisible = 0;
			defaultConfigurationName = Release;
		};
		0B4BEDAD233531DA005E5BB1 /* Build configuration list for PBXNativeTarget "FilippoBrowser WatchKit Extension" */ = {
			isa = XCConfigurationList;
			buildConfigurations = (
				0B4BEDAB233531DA005E5BB1 /* Debug */,
				0B4BEDAC233531DA005E5BB1 /* Release */,
			);
			defaultConfigurationIsVisible = 0;
			defaultConfigurationName = Release;
		};
		0B4BEDAE233531DA005E5BB1 /* Build configuration list for PBXNativeTarget "FilippoBrowser WatchKit App" */ = {
			isa = XCConfigurationList;
			buildConfigurations = (
				0B4BEDA8233531DA005E5BB1 /* Debug */,
				0B4BEDA9233531DA005E5BB1 /* Release */,
			);
			defaultConfigurationIsVisible = 0;
			defaultConfigurationName = Release;
		};
		0BD2431622AD5296006A4929 /* Build configuration list for PBXProject "FilippoBrowser" */ = {
			isa = XCConfigurationList;
			buildConfigurations = (
				0BD2432D22AD5298006A4929 /* Debug */,
				0BD2432E22AD5298006A4929 /* Release */,
			);
			defaultConfigurationIsVisible = 0;
			defaultConfigurationName = Release;
		};
		0BD2432F22AD5298006A4929 /* Build configuration list for PBXNativeTarget "FilippoBrowser" */ = {
			isa = XCConfigurationList;
			buildConfigurations = (
				0BD2433022AD5298006A4929 /* Debug */,
				0BD2433122AD5298006A4929 /* Release */,
			);
			defaultConfigurationIsVisible = 0;
			defaultConfigurationName = Release;
		};
/* End XCConfigurationList section */

/* Begin XCRemoteSwiftPackageReference section */
		0BB4D57B2730550500B435EA /* XCRemoteSwiftPackageReference "FLEX" */ = {
			isa = XCRemoteSwiftPackageReference;
			repositoryURL = "https://github.com/FLEXTool/FLEX.git";
			requirement = {
				branch = master;
				kind = branch;
			};
		};
/* End XCRemoteSwiftPackageReference section */

/* Begin XCSwiftPackageProductDependency section */
		0B31FF5626722682008BA335 /* FBrowserPackage */ = {
			isa = XCSwiftPackageProductDependency;
			productName = FBrowserPackage;
		};
		0B31FF58267226DD008BA335 /* FBrowserPackage */ = {
			isa = XCSwiftPackageProductDependency;
			productName = FBrowserPackage;
		};
		0BB4D57E2730552100B435EA /* FLEX */ = {
			isa = XCSwiftPackageProductDependency;
			package = 0BB4D57B2730550500B435EA /* XCRemoteSwiftPackageReference "FLEX" */;
			productName = FLEX;
		};
/* End XCSwiftPackageProductDependency section */
	};
	rootObject = 0BD2431322AD5296006A4929 /* Project object */;
}
