{
  "object": {
    "pins": [
      {
        "package": "FLEX",
        "repositoryURL": "https://github.com/FLEXTool/FLEX.git",
        "state": {
          "branch": "wip/spm",
          "revision": "adff9e1250b8752e97db5ee4e8395f2ae4cd8d87",
          "version": null
        }
      }
    ]
  },
  "version": 1
}
