{
  "object": {
    "pins": [
      {
        "package": "Alamofire",
        "repositoryURL": "https://github.com/Alamofire/Alamofire.git",
        "state": {
          "branch": null,
          "revision": "f82c23a8a7ef8dc1a49a8bfc6a96883e79121864",
          "version": "5.5.0"
        }
      },
      {
        "package": "FLEX",
        "repositoryURL": "https://github.com/FLEXTool/FLEX.git",
        "state": {
          "branch": "master",
          "revision": "d15e72c681941640e5c16304284885fed856edeb",
          "version": null
        }
      }
    ]
  },
  "version": 1
}
