{
  "object": {
    "pins": [
      {
        "package": "FLEX",
        "repositoryURL": "https://github.com/FLEXTool/FLEX.git",
        "state": {
          "branch": "master",
          "revision": "690acaa41aa43d7c93d728af7c2c7c08c04d1695",
          "version": null
        }
      }
    ]
  },
  "version": 1
}
